
Microsoft Visual Studio Solution File, Format Version 12.00
# Visual Studio Version 17
VisualStudioVersion = 17.4.33103.184
MinimumVisualStudioVersion = 10.0.40219.1
Project("{FAE04EC0-301F-11D3-BF4B-00C04F79EFBC}") = "EasySoft", "EasySoft\EasySoft.csproj", "{6EBFF709-648C-41CF-9949-45F0B0F990CE}"
EndProject
Global
	GlobalSection(SolutionConfigurationPlatforms) = preSolution
		Debug|Any CPU = Debug|Any CPU
		Release|Any CPU = Release|Any CPU
	EndGlobalSection
	GlobalSection(ProjectConfigurationPlatforms) = postSolution
		{6EBFF709-648C-41CF-9949-45F0B0F990CE}.Debug|Any CPU.ActiveCfg = Debug|Any CPU
		{6EBFF709-648C-41CF-9949-45F0B0F990CE}.Debug|Any CPU.Build.0 = Debug|Any CPU
		{6EBFF709-648C-41CF-9949-45F0B0F990CE}.Release|Any CPU.ActiveCfg = Release|Any CPU
		{6EBFF709-648C-41CF-9949-45F0B0F990CE}.Release|Any CPU.Build.0 = Release|Any CPU
	EndGlobalSection
	GlobalSection(SolutionProperties) = preSolution
		HideSolutionNode = FALSE
	EndGlobalSection
	GlobalSection(ExtensibilityGlobals) = postSolution
		SolutionGuid = {B0EB1573-EFDA-49E1-80EF-C7FA4280CEB1}
	EndGlobalSection
EndGlobal
